
Microsoft Visual Studio Solution File, Format Version 11.00
# Visual Studio 2010
Project("{FAE04EC0-301F-11D3-BF4B-00C04F79EFBC}") = "RtpLib", "RtpLib.csproj", "{43BE7575-0149-43B7-8646-6C0B9D038499}"
EndProject
Project("{FAE04EC0-301F-11D3-BF4B-00C04F79EFBC}") = "TestApp", "TestApp\TestApp.csproj", "{49AD594A-9533-4892-9CFB-BD8B1045F5C2}"
EndProject
Global
	GlobalSection(SolutionConfigurationPlatforms) = preSolution
		Debug|Any CPU = Debug|Any CPU
		Release|Any CPU = Release|Any CPU
	EndGlobalSection
	GlobalSection(ProjectConfigurationPlatforms) = postSolution
		{43BE7575-0149-43B7-8646-6C0B9D038499}.Debug|Any CPU.ActiveCfg = Debug|Any CPU
		{43BE7575-0149-43B7-8646-6C0B9D038499}.Debug|Any CPU.Build.0 = Debug|Any CPU
		{43BE7575-0149-43B7-8646-6C0B9D038499}.Release|Any CPU.ActiveCfg = Release|Any CPU
		{43BE7575-0149-43B7-8646-6C0B9D038499}.Release|Any CPU.Build.0 = Release|Any CPU
		{49AD594A-9533-4892-9CFB-BD8B1045F5C2}.Debug|Any CPU.ActiveCfg = Debug|Any CPU
		{49AD594A-9533-4892-9CFB-BD8B1045F5C2}.Debug|Any CPU.Build.0 = Debug|Any CPU
		{49AD594A-9533-4892-9CFB-BD8B1045F5C2}.Release|Any CPU.ActiveCfg = Release|Any CPU
		{49AD594A-9533-4892-9CFB-BD8B1045F5C2}.Release|Any CPU.Build.0 = Release|Any CPU
	EndGlobalSection
	GlobalSection(SolutionProperties) = preSolution
		HideSolutionNode = FALSE
	EndGlobalSection
EndGlobal
